
Microsoft Visual Studio Solution File, Format Version 11.00
# Visual Studio 2010
Project("{FAE04EC0-301F-11D3-BF4B-00C04F79EFBC}") = "LD40 Racing Game", "Assembly-CSharp.csproj", "{29C062C6-9E53-4525-85A9-E54C288F0E75}"
EndProject
Project("{FAE04EC0-301F-11D3-BF4B-00C04F79EFBC}") = "LD40 Racing Game", "Assembly-CSharp-Editor.csproj", "{0177347E-7007-8225-E4A5-6F457900F4D5}"
EndProject
Global
	GlobalSection(SolutionConfigurationPlatforms) = preSolution
		Debug|Any CPU = Debug|Any CPU
		Release|Any CPU = Release|Any CPU
	EndGlobalSection
	GlobalSection(ProjectConfigurationPlatforms) = postSolution
		{29C062C6-9E53-4525-85A9-E54C288F0E75}.Debug|Any CPU.ActiveCfg = Debug|Any CPU
		{29C062C6-9E53-4525-85A9-E54C288F0E75}.Debug|Any CPU.Build.0 = Debug|Any CPU
		{29C062C6-9E53-4525-85A9-E54C288F0E75}.Release|Any CPU.ActiveCfg = Release|Any CPU
		{29C062C6-9E53-4525-85A9-E54C288F0E75}.Release|Any CPU.Build.0 = Release|Any CPU
		{0177347E-7007-8225-E4A5-6F457900F4D5}.Debug|Any CPU.ActiveCfg = Debug|Any CPU
		{0177347E-7007-8225-E4A5-6F457900F4D5}.Debug|Any CPU.Build.0 = Debug|Any CPU
		{0177347E-7007-8225-E4A5-6F457900F4D5}.Release|Any CPU.ActiveCfg = Release|Any CPU
		{0177347E-7007-8225-E4A5-6F457900F4D5}.Release|Any CPU.Build.0 = Release|Any CPU
	EndGlobalSection
	GlobalSection(SolutionProperties) = preSolution
		HideSolutionNode = FALSE
	EndGlobalSection
	GlobalSection(MonoDevelopProperties) = preSolution
		StartupItem = Assembly-CSharp.csproj
	EndGlobalSection
EndGlobal
